
Microsoft Visual Studio Solution File, Format Version 12.00
# Visual Studio Version 17
VisualStudioVersion = 17.9.34723.18
MinimumVisualStudioVersion = 10.0.40219.1
Project("{FAE04EC0-301F-11D3-BF4B-00C04F79EFBC}") = "HelpMeSaveBlazorWebApp", "HelpMeSaveBlazorWebApp\HelpMeSaveBlazorWebApp.csproj", "{17181C68-27DA-43D6-B20A-647CFEBF24B6}"
EndProject
Global
	GlobalSection(SolutionConfigurationPlatforms) = preSolution
		Debug|Any CPU = Debug|Any CPU
		Release|Any CPU = Release|Any CPU
	EndGlobalSection
	GlobalSection(ProjectConfigurationPlatforms) = postSolution
		{17181C68-27DA-43D6-B20A-647CFEBF24B6}.Debug|Any CPU.ActiveCfg = Debug|Any CPU
		{17181C68-27DA-43D6-B20A-647CFEBF24B6}.Debug|Any CPU.Build.0 = Debug|Any CPU
		{17181C68-27DA-43D6-B20A-647CFEBF24B6}.Release|Any CPU.ActiveCfg = Release|Any CPU
		{17181C68-27DA-43D6-B20A-647CFEBF24B6}.Release|Any CPU.Build.0 = Release|Any CPU
	EndGlobalSection
	GlobalSection(SolutionProperties) = preSolution
		HideSolutionNode = FALSE
	EndGlobalSection
	GlobalSection(ExtensibilityGlobals) = postSolution
		SolutionGuid = {BE0F33DD-3522-4750-83B9-F9083E3BAF3B}
	EndGlobalSection
EndGlobal
